
Microsoft Visual Studio Solution File, Format Version 12.00
# Visual Studio Version 16
VisualStudioVersion = 25.0.1706.0
MinimumVisualStudioVersion = 10.0.40219.1
Project("{FAE04EC0-301F-11D3-BF4B-00C04F79EFBC}") = "CandleMVC", "CandleMVC\CandleMVC.csproj", "{835E9EE2-24D7-4432-B95E-F1D9D950D50A}"
EndProject
Global
	GlobalSection(SolutionConfigurationPlatforms) = preSolution
		Debug|Any CPU = Debug|Any CPU
		Release|Any CPU = Release|Any CPU
	EndGlobalSection
	GlobalSection(ProjectConfigurationPlatforms) = postSolution
		{835E9EE2-24D7-4432-B95E-F1D9D950D50A}.Debug|Any CPU.ActiveCfg = Debug|Any CPU
		{835E9EE2-24D7-4432-B95E-F1D9D950D50A}.Debug|Any CPU.Build.0 = Debug|Any CPU
		{835E9EE2-24D7-4432-B95E-F1D9D950D50A}.Release|Any CPU.ActiveCfg = Release|Any CPU
		{835E9EE2-24D7-4432-B95E-F1D9D950D50A}.Release|Any CPU.Build.0 = Release|Any CPU
	EndGlobalSection
	GlobalSection(SolutionProperties) = preSolution
		HideSolutionNode = FALSE
	EndGlobalSection
	GlobalSection(ExtensibilityGlobals) = postSolution
		SolutionGuid = {C01B9CF9-7C0D-4253-A194-F6D2819C1984}
	EndGlobalSection
EndGlobal
